lockfileVersion: '9.0'

settings:
  autoInstallPeers: true
  excludeLinksFromLockfile: false

importers:

  .:
    dependencies:
      '@sevenc-nanashi/binaryseeker':
        specifier: jsr:^1.2.1
        version: '@jsr/sevenc-nanashi__binaryseeker@1.2.1'
    devDependencies:
      '@types/node':
        specifier: ^24.0.8
        version: 24.0.8

packages:

  '@jsr/sevenc-nanashi__binaryseeker@1.2.1':
    resolution: {integrity: sha512-WWzK7pQPQhIEjo+cL9/tdnZCqumeOSkm1XeOy9ztnRLri/6IS4svt1KA/e4T5v7nv7ebmKWUfIbdl9MFPxAkVA==, tarball: https://npm.jsr.io/~/11/@jsr/sevenc-nanashi__binaryseeker/1.2.1.tgz}

  '@types/node@24.0.8':
    resolution: {integrity: sha512-WytNrFSgWO/esSH9NbpWUfTMGQwCGIKfCmNlmFDNiI5gGhgMmEA+V1AEvKLeBNvvtBnailJtkrEa2OIISwrVAA==}

  undici-types@7.8.0:
    resolution: {integrity: sha512-9UJ2xGDvQ43tYyVMpuHlsgApydB8ZKfVYTsLDhXkFL/6gfkp+U8xTGdh8pMJv1SpZna0zxG1DwsKZsreLbXBxw==}

snapshots:

  '@jsr/sevenc-nanashi__binaryseeker@1.2.1': {}

  '@types/node@24.0.8':
    dependencies:
      undici-types: 7.8.0

  undici-types@7.8.0: {}
